// !$*UTF8*$!
{
	archiveVersion = 1;
	classes = {
	};
	objectVersion = 51;
	objects = {

/* Begin PBXBuildFile section */
		D723B51AAD593609FDECE7FE /* Pods_EatDa.framework in Frameworks */ = {isa = PBXBuildFile; fileRef = F6AB1F6EAB7375AC712E1EDD /* Pods_EatDa.framework */; };
		F0128D38281E517F005BE0B9 /* SplashViewController.swift in Sources */ = {isa = PBXBuildFile; fileRef = F0128D37281E517F005BE0B9 /* SplashViewController.swift */; };
		F0128D3A281E5531005BE0B9 /* LoginViewController.swift in Sources */ = {isa = PBXBuildFile; fileRef = F0128D39281E5531005BE0B9 /* LoginViewController.swift */; };
		F0128D3C281E5E9B005BE0B9 /* ImageSliderCollectionViewCell.swift in Sources */ = {isa = PBXBuildFile; fileRef = F0128D3B281E5E9B005BE0B9 /* ImageSliderCollectionViewCell.swift */; };
		F0128D3E281E86DD005BE0B9 /* BottomSheetViewController.swift in Sources */ = {isa = PBXBuildFile; fileRef = F0128D3D281E86DD005BE0B9 /* BottomSheetViewController.swift */; };
		F0128D40281EDE4F005BE0B9 /* Launch Screen.storyboard in Resources */ = {isa = PBXBuildFile; fileRef = F0128D3F281EDE4F005BE0B9 /* Launch Screen.storyboard */; };
		F0224C36282963560092683A /* InputSchoolViewController.swift in Sources */ = {isa = PBXBuildFile; fileRef = F0224C35282963560092683A /* InputSchoolViewController.swift */; };
		F0224C3A28296F240092683A /* InputEmailViewController.swift in Sources */ = {isa = PBXBuildFile; fileRef = F0224C3928296F240092683A /* InputEmailViewController.swift */; };
		F0224C3C28296FB90092683A /* VerifyEmailViewController.swift in Sources */ = {isa = PBXBuildFile; fileRef = F0224C3B28296FB90092683A /* VerifyEmailViewController.swift */; };
		F0224C3E28296FEB0092683A /* EnterPasswordViewContoller.swift in Sources */ = {isa = PBXBuildFile; fileRef = F0224C3D28296FEB0092683A /* EnterPasswordViewContoller.swift */; };
		F0224C40282970230092683A /* EnterUserInfoViewController.swift in Sources */ = {isa = PBXBuildFile; fileRef = F0224C3F282970230092683A /* EnterUserInfoViewController.swift */; };
		F0224C422829704C0092683A /* EnterNicknameViewController.swift in Sources */ = {isa = PBXBuildFile; fileRef = F0224C412829704C0092683A /* EnterNicknameViewController.swift */; };
		F0224C44282970840092683A /* RegistCompleteViewController.swift in Sources */ = {isa = PBXBuildFile; fileRef = F0224C43282970840092683A /* RegistCompleteViewController.swift */; };
		F03D976427DD258E0011FA3D /* BoardMainTVC.swift in Sources */ = {isa = PBXBuildFile; fileRef = F03D976327DD258E0011FA3D /* BoardMainTVC.swift */; };
		F03D976627DDAC330011FA3D /* BestBoardViewController.swift in Sources */ = {isa = PBXBuildFile; fileRef = F03D976527DDAC330011FA3D /* BestBoardViewController.swift */; };
		F03D976827DDC4A10011FA3D /* BestBoardTVC.swift in Sources */ = {isa = PBXBuildFile; fileRef = F03D976727DDC4A10011FA3D /* BestBoardTVC.swift */; };
		F03FB65327A6DDA40097D817 /* RestaurantDetailViewController.swift in Sources */ = {isa = PBXBuildFile; fileRef = F03FB65227A6DDA40097D817 /* RestaurantDetailViewController.swift */; };
		F03FB65627A6EBB90097D817 /* RestaurantImageCVC.swift in Sources */ = {isa = PBXBuildFile; fileRef = F03FB65527A6EBB90097D817 /* RestaurantImageCVC.swift */; };
		F03FB65A27A93C3A0097D817 /* RestaurantDetailTVC.swift in Sources */ = {isa = PBXBuildFile; fileRef = F03FB65927A93C3A0097D817 /* RestaurantDetailTVC.swift */; };
		F03FB65D27A95D620097D817 /* RestauranthashTagCVC.swift in Sources */ = {isa = PBXBuildFile; fileRef = F03FB65C27A95D620097D817 /* RestauranthashTagCVC.swift */; };
		F03FB65F27B025460097D817 /* RestaurantMenuTVC.swift in Sources */ = {isa = PBXBuildFile; fileRef = F03FB65E27B025460097D817 /* RestaurantMenuTVC.swift */; };
		F03FB66127B0333D0097D817 /* UILabel.swift in Sources */ = {isa = PBXBuildFile; fileRef = F03FB66027B0333D0097D817 /* UILabel.swift */; };
		F03FB66327B52B2E0097D817 /* RestaurantReviewTVC.swift in Sources */ = {isa = PBXBuildFile; fileRef = F03FB66227B52B2E0097D817 /* RestaurantReviewTVC.swift */; };
		F0B279E6282816AA000B35FF /* TermsViewController.swift in Sources */ = {isa = PBXBuildFile; fileRef = F0B279E5282816AA000B35FF /* TermsViewController.swift */; };
		F0CCC0E92838C9BA007DCBD0 /* SchoolSearchViewController.swift in Sources */ = {isa = PBXBuildFile; fileRef = F0CCC0E82838C9BA007DCBD0 /* SchoolSearchViewController.swift */; };
		F0CCC0EB2838D09E007DCBD0 /* UIButton.swift in Sources */ = {isa = PBXBuildFile; fileRef = F0CCC0EA2838D09E007DCBD0 /* UIButton.swift */; };
		F0CCC0F428394226007DCBD0 /* APIResponse.swift in Sources */ = {isa = PBXBuildFile; fileRef = F0CCC0F328394226007DCBD0 /* APIResponse.swift */; };
		F0CCC0FA2839B830007DCBD0 /* School.swift in Sources */ = {isa = PBXBuildFile; fileRef = F0CCC0F92839B830007DCBD0 /* School.swift */; };
		F0E4285B27FC8EDC00C623E1 /* WritePostViewController.swift in Sources */ = {isa = PBXBuildFile; fileRef = F0E4285A27FC8EDC00C623E1 /* WritePostViewController.swift */; };
		FD022E3C2833673800FC32E9 /* MapView.swift in Sources */ = {isa = PBXBuildFile; fileRef = FD022E3B2833673800FC32E9 /* MapView.swift */; };
		FD022E3E2833692100FC32E9 /* MapViewController.swift in Sources */ = {isa = PBXBuildFile; fileRef = FD022E3D2833692100FC32E9 /* MapViewController.swift */; };
		FD022E4028337E4F00FC32E9 /* MapDetailView.swift in Sources */ = {isa = PBXBuildFile; fileRef = FD022E3F28337E4F00FC32E9 /* MapDetailView.swift */; };
		FD022E452833ADFE00FC32E9 /* MapDetailModel.swift in Sources */ = {isa = PBXBuildFile; fileRef = FD022E442833ADFE00FC32E9 /* MapDetailModel.swift */; };
		FD0CF62B27A12BC400BDEA53 /* TalkViewController.swift in Sources */ = {isa = PBXBuildFile; fileRef = FD0CF62A27A12BC400BDEA53 /* TalkViewController.swift */; };
		FD0CF62F27A12BF400BDEA53 /* CommunityViewController.swift in Sources */ = {isa = PBXBuildFile; fileRef = FD0CF62E27A12BF400BDEA53 /* CommunityViewController.swift */; };
		FD0DBC6027B8D9770001E526 /* MapSectionView.swift in Sources */ = {isa = PBXBuildFile; fileRef = FD0DBC5F27B8D9770001E526 /* MapSectionView.swift */; };
		FD1BEEFD27DDB18500487D8C /* EventViewController.swift in Sources */ = {isa = PBXBuildFile; fileRef = FD1BEEFC27DDB18500487D8C /* EventViewController.swift */; };
		FD1BEF0027DDB74000487D8C /* EventCollectionViewCell.swift in Sources */ = {isa = PBXBuildFile; fileRef = FD1BEEFF27DDB74000487D8C /* EventCollectionViewCell.swift */; };
		FD63338C27A0DADC004783E3 /* AppDelegate.swift in Sources */ = {isa = PBXBuildFile; fileRef = FD63338B27A0DADC004783E3 /* AppDelegate.swift */; };
		FD63338E27A0DADC004783E3 /* SceneDelegate.swift in Sources */ = {isa = PBXBuildFile; fileRef = FD63338D27A0DADC004783E3 /* SceneDelegate.swift */; };
		FD63339027A0DADC004783E3 /* TabBarController.swift in Sources */ = {isa = PBXBuildFile; fileRef = FD63338F27A0DADC004783E3 /* TabBarController.swift */; };
		FD63339527A0DADD004783E3 /* Assets.xcassets in Resources */ = {isa = PBXBuildFile; fileRef = FD63339427A0DADD004783E3 /* Assets.xcassets */; };
		FD63EA9927CCEDD600DFBD0B /* LikeViewController.swift in Sources */ = {isa = PBXBuildFile; fileRef = FD63EA9827CCEDD600DFBD0B /* LikeViewController.swift */; };
		FD63EA9B27CCEDEB00DFBD0B /* LikeHeaderView.swift in Sources */ = {isa = PBXBuildFile; fileRef = FD63EA9A27CCEDEB00DFBD0B /* LikeHeaderView.swift */; };
		FD6FBDAB28379E2500BD7E20 /* CustomAnnotation.swift in Sources */ = {isa = PBXBuildFile; fileRef = FD6FBDAA28379E2500BD7E20 /* CustomAnnotation.swift */; };
		FD6FBDB9283CF4A900BD7E20 /* RestaurantDetailViewModel.swift in Sources */ = {isa = PBXBuildFile; fileRef = FD6FBDB8283CF4A900BD7E20 /* RestaurantDetailViewModel.swift */; };
		FD6FBDBB283CF52700BD7E20 /* RestaurantMapView.swift in Sources */ = {isa = PBXBuildFile; fileRef = FD6FBDBA283CF52700BD7E20 /* RestaurantMapView.swift */; };
		FD94861427A955F6009BE666 /* FilterSectionView.swift in Sources */ = {isa = PBXBuildFile; fileRef = FD94861327A955F6009BE666 /* FilterSectionView.swift */; };
		FD94861627A95987009BE666 /* RecommendSectionView.swift in Sources */ = {isa = PBXBuildFile; fileRef = FD94861527A95987009BE666 /* RecommendSectionView.swift */; };
		FD94861827A9598C009BE666 /* AroundSectionView.swift in Sources */ = {isa = PBXBuildFile; fileRef = FD94861727A9598C009BE666 /* AroundSectionView.swift */; };
		FD94861D27A959EF009BE666 /* AroundRestaurantCollectionViewCell.swift in Sources */ = {isa = PBXBuildFile; fileRef = FD94861B27A959EF009BE666 /* AroundRestaurantCollectionViewCell.swift */; };
		FD94861E27A959EF009BE666 /* SeperatorView.swift in Sources */ = {isa = PBXBuildFile; fileRef = FD94861C27A959EF009BE666 /* SeperatorView.swift */; };
		FD9C6F3427BFD04A005D88A6 /* AppleSDGothicNeoB.ttf in Resources */ = {isa = PBXBuildFile; fileRef = FD9C6F3027BFD035005D88A6 /* AppleSDGothicNeoB.ttf */; };
		FD9C6F3527BFD04C005D88A6 /* AppleSDGothicNeoEB.ttf in Resources */ = {isa = PBXBuildFile; fileRef = FD9C6F3327BFD035005D88A6 /* AppleSDGothicNeoEB.ttf */; };
		FD9C6F3627BFD04E005D88A6 /* AppleSDGothicNeoH.ttf in Resources */ = {isa = PBXBuildFile; fileRef = FD9C6F3127BFD035005D88A6 /* AppleSDGothicNeoH.ttf */; };
		FD9C6F3727BFD051005D88A6 /* AppleSDGothicNeoL.ttf in Resources */ = {isa = PBXBuildFile; fileRef = FD9C6F3227BFD035005D88A6 /* AppleSDGothicNeoL.ttf */; };
		FD9C6F3827BFD053005D88A6 /* AppleSDGothicNeoM.ttf in Resources */ = {isa = PBXBuildFile; fileRef = FD9C6F2F27BFD035005D88A6 /* AppleSDGothicNeoM.ttf */; };
		FD9C6F3A27BFDA4F005D88A6 /* RecommendCollectionViewCell.swift in Sources */ = {isa = PBXBuildFile; fileRef = FD9C6F3927BFDA4F005D88A6 /* RecommendCollectionViewCell.swift */; };
		FD9C6F4727C10140005D88A6 /* UIFont.swift in Sources */ = {isa = PBXBuildFile; fileRef = FD9C6F4627C10140005D88A6 /* UIFont.swift */; };
		FD9C6F4E27C10A75005D88A6 /* FilterSectionViewModel.swift in Sources */ = {isa = PBXBuildFile; fileRef = FD9C6F4D27C10A75005D88A6 /* FilterSectionViewModel.swift */; };
		FD9C6F5027C11838005D88A6 /* FilterView.swift in Sources */ = {isa = PBXBuildFile; fileRef = FD9C6F4F27C11838005D88A6 /* FilterView.swift */; };
		FD9D4F7027B4EBA70005205E /* UIView.swift in Sources */ = {isa = PBXBuildFile; fileRef = FD9D4F6F27B4EBA70005205E /* UIView.swift */; };
		FD9D4F7227B503090005205E /* TitleSectionView.swift in Sources */ = {isa = PBXBuildFile; fileRef = FD9D4F7127B503090005205E /* TitleSectionView.swift */; };
		FDB40681283E11A8003C70A8 /* Const.swift in Sources */ = {isa = PBXBuildFile; fileRef = FDB40680283E11A8003C70A8 /* Const.swift */; };
		FDB40685283E14B1003C70A8 /* KeyChainKey.swift in Sources */ = {isa = PBXBuildFile; fileRef = FDB40684283E14B1003C70A8 /* KeyChainKey.swift */; };
		FDB40687283E14D5003C70A8 /* TokenUtils.swift in Sources */ = {isa = PBXBuildFile; fileRef = FDB40686283E14D5003C70A8 /* TokenUtils.swift */; };
		FDB4068B283E3EB2003C70A8 /* SignIn.swift in Sources */ = {isa = PBXBuildFile; fileRef = FDB4068A283E3EB2003C70A8 /* SignIn.swift */; };
		FDB7906D2805A704008621D1 /* RestaurantTableViewCell.swift in Sources */ = {isa = PBXBuildFile; fileRef = FDB7906C2805A704008621D1 /* RestaurantTableViewCell.swift */; };
		FDB7906E2805A783008621D1 /* ReviewFeedViewController.swift in Sources */ = {isa = PBXBuildFile; fileRef = FD0CF62C27A12BDA00BDEA53 /* ReviewFeedViewController.swift */; };
		FDD8DDCD27A423450072034C /* HomeViewController.swift in Sources */ = {isa = PBXBuildFile; fileRef = FDD8DDCC27A423450072034C /* HomeViewController.swift */; };
		FDD8DDD027A423740072034C /* FilterButtonView.swift in Sources */ = {isa = PBXBuildFile; fileRef = FDD8DDCF27A423740072034C /* FilterButtonView.swift */; };
		FDD8DDD327A426C40072034C /* UIColor.swift in Sources */ = {isa = PBXBuildFile; fileRef = FDD8DDD227A426C40072034C /* UIColor.swift */; };
		FDE30732284640B500EA15CF /* RestaurantListView.swift in Sources */ = {isa = PBXBuildFile; fileRef = FDE30731284640B500EA15CF /* RestaurantListView.swift */; };
		FDE30734284640CE00EA15CF /* RestaurantListViewModel.swift in Sources */ = {isa = PBXBuildFile; fileRef = FDE30733284640CE00EA15CF /* RestaurantListViewModel.swift */; };
		FDE30736284640EA00EA15CF /* RestaurantListData.swift in Sources */ = {isa = PBXBuildFile; fileRef = FDE30735284640EA00EA15CF /* RestaurantListData.swift */; };
		FDE30738284640FF00EA15CF /* RestaurantListCell.swift in Sources */ = {isa = PBXBuildFile; fileRef = FDE30737284640FF00EA15CF /* RestaurantListCell.swift */; };
		FDE3073A2846411A00EA15CF /* RestaurantListNetwork.swift in Sources */ = {isa = PBXBuildFile; fileRef = FDE307392846411A00EA15CF /* RestaurantListNetwork.swift */; };
		FDE3074A28470FB300EA15CF /* ProgressCheck.swift in Sources */ = {isa = PBXBuildFile; fileRef = FDE3074628470FB300EA15CF /* ProgressCheck.swift */; };
		FDE3074B28470FB300EA15CF /* LikeButton.swift in Sources */ = {isa = PBXBuildFile; fileRef = FDE3074828470FB300EA15CF /* LikeButton.swift */; };
		FDE3074C28470FB300EA15CF /* BottomStickyButton.swift in Sources */ = {isa = PBXBuildFile; fileRef = FDE3074928470FB300EA15CF /* BottomStickyButton.swift */; };
		FDE3074E28470FE800EA15CF /* RecommendCollectionView.swift in Sources */ = {isa = PBXBuildFile; fileRef = FDE3074D28470FE800EA15CF /* RecommendCollectionView.swift */; };
		FDE37EAB27D37DCB00618163 /* HomeViewModel.swift in Sources */ = {isa = PBXBuildFile; fileRef = FDE37EAA27D37DCB00618163 /* HomeViewModel.swift */; };
		FDE37EAD27D389C400618163 /* SearchViewController.swift in Sources */ = {isa = PBXBuildFile; fileRef = FDE37EAC27D389C400618163 /* SearchViewController.swift */; };
		FDE37EAF27D389CF00618163 /* SearchViewModel.swift in Sources */ = {isa = PBXBuildFile; fileRef = FDE37EAE27D389CF00618163 /* SearchViewModel.swift */; };
		FDEA5E3827EF10BF008EFD5E /* RecommendDetailViewController.swift in Sources */ = {isa = PBXBuildFile; fileRef = FDEA5E3727EF10BF008EFD5E /* RecommendDetailViewController.swift */; };
		FDEA5E3A27EF10CD008EFD5E /* AroundDetailViewController.swift in Sources */ = {isa = PBXBuildFile; fileRef = FDEA5E3927EF10CD008EFD5E /* AroundDetailViewController.swift */; };
		FDEA5E3E27F04620008EFD5E /* RecommendDetailViewModel.swift in Sources */ = {isa = PBXBuildFile; fileRef = FDEA5E3D27F04620008EFD5E /* RecommendDetailViewModel.swift */; };
		FDEA5E4227F830F1008EFD5E /* FilterDetailViewController.swift in Sources */ = {isa = PBXBuildFile; fileRef = FDEA5E4127F830F1008EFD5E /* FilterDetailViewController.swift */; };
		FDEA5E4427F83294008EFD5E /* FilterHeaderView.swift in Sources */ = {isa = PBXBuildFile; fileRef = FDEA5E4327F83294008EFD5E /* FilterHeaderView.swift */; };
		FDEA5E4727F834AA008EFD5E /* FilterViewModel.swift in Sources */ = {isa = PBXBuildFile; fileRef = FDEA5E4627F834AA008EFD5E /* FilterViewModel.swift */; };
		FDF78A2527EB421B005D37C8 /* NoticeViewController.swift in Sources */ = {isa = PBXBuildFile; fileRef = FDF78A2427EB421B005D37C8 /* NoticeViewController.swift */; };
		FDF78A2727EB4284005D37C8 /* NoticeViewModel.swift in Sources */ = {isa = PBXBuildFile; fileRef = FDF78A2627EB4284005D37C8 /* NoticeViewModel.swift */; };
		FDF78A2927EB45AE005D37C8 /* NoticeTableViewCell.swift in Sources */ = {isa = PBXBuildFile; fileRef = FDF78A2827EB45AE005D37C8 /* NoticeTableViewCell.swift */; };
		FDF78A2B27EB4C13005D37C8 /* NoticeHeaderView.swift in Sources */ = {isa = PBXBuildFile; fileRef = FDF78A2A27EB4C13005D37C8 /* NoticeHeaderView.swift */; };
/* End PBXBuildFile section */

/* Begin PBXFileReference section */
		5492170291BB836C96181C46 /* Pods-EatDa.release.xcconfig */ = {isa = PBXFileReference; includeInIndex = 1; lastKnownFileType = text.xcconfig; name = "Pods-EatDa.release.xcconfig"; path = "Target Support Files/Pods-EatDa/Pods-EatDa.release.xcconfig"; sourceTree = "<group>"; };
		F0128D37281E517F005BE0B9 /* SplashViewController.swift */ = {isa = PBXFileReference; lastKnownFileType = sourcecode.swift; path = SplashViewController.swift; sourceTree = "<group>"; };
		F0128D39281E5531005BE0B9 /* LoginViewController.swift */ = {isa = PBXFileReference; lastKnownFileType = sourcecode.swift; path = LoginViewController.swift; sourceTree = "<group>"; };
		F0128D3B281E5E9B005BE0B9 /* ImageSliderCollectionViewCell.swift */ = {isa = PBXFileReference; lastKnownFileType = sourcecode.swift; path = ImageSliderCollectionViewCell.swift; sourceTree = "<group>"; };
		F0128D3D281E86DD005BE0B9 /* BottomSheetViewController.swift */ = {isa = PBXFileReference; lastKnownFileType = sourcecode.swift; path = BottomSheetViewController.swift; sourceTree = "<group>"; };
		F0128D3F281EDE4F005BE0B9 /* Launch Screen.storyboard */ = {isa = PBXFileReference; lastKnownFileType = file.storyboard; path = "Launch Screen.storyboard"; sourceTree = "<group>"; };
		F0224C35282963560092683A /* InputSchoolViewController.swift */ = {isa = PBXFileReference; lastKnownFileType = sourcecode.swift; path = InputSchoolViewController.swift; sourceTree = "<group>"; };
		F0224C3928296F240092683A /* InputEmailViewController.swift */ = {isa = PBXFileReference; lastKnownFileType = sourcecode.swift; path = InputEmailViewController.swift; sourceTree = "<group>"; };
		F0224C3B28296FB90092683A /* VerifyEmailViewController.swift */ = {isa = PBXFileReference; lastKnownFileType = sourcecode.swift; path = VerifyEmailViewController.swift; sourceTree = "<group>"; };
		F0224C3D28296FEB0092683A /* EnterPasswordViewContoller.swift */ = {isa = PBXFileReference; lastKnownFileType = sourcecode.swift; path = EnterPasswordViewContoller.swift; sourceTree = "<group>"; };
		F0224C3F282970230092683A /* EnterUserInfoViewController.swift */ = {isa = PBXFileReference; lastKnownFileType = sourcecode.swift; path = EnterUserInfoViewController.swift; sourceTree = "<group>"; };
		F0224C412829704C0092683A /* EnterNicknameViewController.swift */ = {isa = PBXFileReference; lastKnownFileType = sourcecode.swift; path = EnterNicknameViewController.swift; sourceTree = "<group>"; };
		F0224C43282970840092683A /* RegistCompleteViewController.swift */ = {isa = PBXFileReference; lastKnownFileType = sourcecode.swift; path = RegistCompleteViewController.swift; sourceTree = "<group>"; };
		F03D976327DD258E0011FA3D /* BoardMainTVC.swift */ = {isa = PBXFileReference; lastKnownFileType = sourcecode.swift; path = BoardMainTVC.swift; sourceTree = "<group>"; };
		F03D976527DDAC330011FA3D /* BestBoardViewController.swift */ = {isa = PBXFileReference; lastKnownFileType = sourcecode.swift; path = BestBoardViewController.swift; sourceTree = "<group>"; };
		F03D976727DDC4A10011FA3D /* BestBoardTVC.swift */ = {isa = PBXFileReference; lastKnownFileType = sourcecode.swift; path = BestBoardTVC.swift; sourceTree = "<group>"; };
		F03FB65227A6DDA40097D817 /* RestaurantDetailViewController.swift */ = {isa = PBXFileReference; lastKnownFileType = sourcecode.swift; path = RestaurantDetailViewController.swift; sourceTree = "<group>"; };
		F03FB65527A6EBB90097D817 /* RestaurantImageCVC.swift */ = {isa = PBXFileReference; lastKnownFileType = sourcecode.swift; path = RestaurantImageCVC.swift; sourceTree = "<group>"; };
		F03FB65927A93C3A0097D817 /* RestaurantDetailTVC.swift */ = {isa = PBXFileReference; lastKnownFileType = sourcecode.swift; path = RestaurantDetailTVC.swift; sourceTree = "<group>"; };
		F03FB65C27A95D620097D817 /* RestauranthashTagCVC.swift */ = {isa = PBXFileReference; lastKnownFileType = sourcecode.swift; path = RestauranthashTagCVC.swift; sourceTree = "<group>"; };
		F03FB65E27B025460097D817 /* RestaurantMenuTVC.swift */ = {isa = PBXFileReference; lastKnownFileType = sourcecode.swift; path = RestaurantMenuTVC.swift; sourceTree = "<group>"; };
		F03FB66027B0333D0097D817 /* UILabel.swift */ = {isa = PBXFileReference; lastKnownFileType = sourcecode.swift; path = UILabel.swift; sourceTree = "<group>"; };
		F03FB66227B52B2E0097D817 /* RestaurantReviewTVC.swift */ = {isa = PBXFileReference; lastKnownFileType = sourcecode.swift; path = RestaurantReviewTVC.swift; sourceTree = "<group>"; };
		F0B279E5282816AA000B35FF /* TermsViewController.swift */ = {isa = PBXFileReference; lastKnownFileType = sourcecode.swift; path = TermsViewController.swift; sourceTree = "<group>"; };
		F0CCC0E82838C9BA007DCBD0 /* SchoolSearchViewController.swift */ = {isa = PBXFileReference; lastKnownFileType = sourcecode.swift; path = SchoolSearchViewController.swift; sourceTree = "<group>"; };
		F0CCC0EA2838D09E007DCBD0 /* UIButton.swift */ = {isa = PBXFileReference; lastKnownFileType = sourcecode.swift; path = UIButton.swift; sourceTree = "<group>"; };
		F0CCC0F328394226007DCBD0 /* APIResponse.swift */ = {isa = PBXFileReference; lastKnownFileType = sourcecode.swift; path = APIResponse.swift; sourceTree = "<group>"; };
		F0CCC0F92839B830007DCBD0 /* School.swift */ = {isa = PBXFileReference; lastKnownFileType = sourcecode.swift; path = School.swift; sourceTree = "<group>"; };
		F0E4285A27FC8EDC00C623E1 /* WritePostViewController.swift */ = {isa = PBXFileReference; lastKnownFileType = sourcecode.swift; path = WritePostViewController.swift; sourceTree = "<group>"; };
		F3BE5607C6653930EC611246 /* Pods-EatDa.debug.xcconfig */ = {isa = PBXFileReference; includeInIndex = 1; lastKnownFileType = text.xcconfig; name = "Pods-EatDa.debug.xcconfig"; path = "Target Support Files/Pods-EatDa/Pods-EatDa.debug.xcconfig"; sourceTree = "<group>"; };
		F6AB1F6EAB7375AC712E1EDD /* Pods_EatDa.framework */ = {isa = PBXFileReference; explicitFileType = wrapper.framework; includeInIndex = 0; path = Pods_EatDa.framework; sourceTree = BUILT_PRODUCTS_DIR; };
		FD022E3B2833673800FC32E9 /* MapView.swift */ = {isa = PBXFileReference; lastKnownFileType = sourcecode.swift; path = MapView.swift; sourceTree = "<group>"; };
		FD022E3D2833692100FC32E9 /* MapViewController.swift */ = {isa = PBXFileReference; lastKnownFileType = sourcecode.swift; path = MapViewController.swift; sourceTree = "<group>"; };
		FD022E3F28337E4F00FC32E9 /* MapDetailView.swift */ = {isa = PBXFileReference; lastKnownFileType = sourcecode.swift; path = MapDetailView.swift; sourceTree = "<group>"; };
		FD022E442833ADFE00FC32E9 /* MapDetailModel.swift */ = {isa = PBXFileReference; lastKnownFileType = sourcecode.swift; path = MapDetailModel.swift; sourceTree = "<group>"; };
		FD0CF62A27A12BC400BDEA53 /* TalkViewController.swift */ = {isa = PBXFileReference; lastKnownFileType = sourcecode.swift; path = TalkViewController.swift; sourceTree = "<group>"; };
		FD0CF62C27A12BDA00BDEA53 /* ReviewFeedViewController.swift */ = {isa = PBXFileReference; lastKnownFileType = sourcecode.swift; path = ReviewFeedViewController.swift; sourceTree = "<group>"; };
		FD0CF62E27A12BF400BDEA53 /* CommunityViewController.swift */ = {isa = PBXFileReference; lastKnownFileType = sourcecode.swift; path = CommunityViewController.swift; sourceTree = "<group>"; };
		FD0DBC5F27B8D9770001E526 /* MapSectionView.swift */ = {isa = PBXFileReference; lastKnownFileType = sourcecode.swift; path = MapSectionView.swift; sourceTree = "<group>"; };
		FD1BEEFC27DDB18500487D8C /* EventViewController.swift */ = {isa = PBXFileReference; lastKnownFileType = sourcecode.swift; path = EventViewController.swift; sourceTree = "<group>"; };
		FD1BEEFF27DDB74000487D8C /* EventCollectionViewCell.swift */ = {isa = PBXFileReference; lastKnownFileType = sourcecode.swift; path = EventCollectionViewCell.swift; sourceTree = "<group>"; };
		FD63338827A0DADC004783E3 /* EatDa.app */ = {isa = PBXFileReference; explicitFileType = wrapper.application; includeInIndex = 0; path = EatDa.app; sourceTree = BUILT_PRODUCTS_DIR; };
		FD63338B27A0DADC004783E3 /* AppDelegate.swift */ = {isa = PBXFileReference; lastKnownFileType = sourcecode.swift; path = AppDelegate.swift; sourceTree = "<group>"; };
		FD63338D27A0DADC004783E3 /* SceneDelegate.swift */ = {isa = PBXFileReference; lastKnownFileType = sourcecode.swift; path = SceneDelegate.swift; sourceTree = "<group>"; };
		FD63338F27A0DADC004783E3 /* TabBarController.swift */ = {isa = PBXFileReference; lastKnownFileType = sourcecode.swift; path = TabBarController.swift; sourceTree = "<group>"; };
		FD63339427A0DADD004783E3 /* Assets.xcassets */ = {isa = PBXFileReference; lastKnownFileType = folder.assetcatalog; path = Assets.xcassets; sourceTree = "<group>"; };
		FD63339927A0DADD004783E3 /* Info.plist */ = {isa = PBXFileReference; lastKnownFileType = text.plist.xml; path = Info.plist; sourceTree = "<group>"; };
		FD63EA9827CCEDD600DFBD0B /* LikeViewController.swift */ = {isa = PBXFileReference; lastKnownFileType = sourcecode.swift; path = LikeViewController.swift; sourceTree = "<group>"; };
		FD63EA9A27CCEDEB00DFBD0B /* LikeHeaderView.swift */ = {isa = PBXFileReference; lastKnownFileType = sourcecode.swift; path = LikeHeaderView.swift; sourceTree = "<group>"; };
		FD6FBDAA28379E2500BD7E20 /* CustomAnnotation.swift */ = {isa = PBXFileReference; lastKnownFileType = sourcecode.swift; path = CustomAnnotation.swift; sourceTree = "<group>"; };
		FD6FBDB8283CF4A900BD7E20 /* RestaurantDetailViewModel.swift */ = {isa = PBXFileReference; lastKnownFileType = sourcecode.swift; path = RestaurantDetailViewModel.swift; sourceTree = "<group>"; };
		FD6FBDBA283CF52700BD7E20 /* RestaurantMapView.swift */ = {isa = PBXFileReference; lastKnownFileType = sourcecode.swift; path = RestaurantMapView.swift; sourceTree = "<group>"; };
		FD94861327A955F6009BE666 /* FilterSectionView.swift */ = {isa = PBXFileReference; lastKnownFileType = sourcecode.swift; path = FilterSectionView.swift; sourceTree = "<group>"; };
		FD94861527A95987009BE666 /* RecommendSectionView.swift */ = {isa = PBXFileReference; fileEncoding = 4; lastKnownFileType = sourcecode.swift; path = RecommendSectionView.swift; sourceTree = "<group>"; };
		FD94861727A9598C009BE666 /* AroundSectionView.swift */ = {isa = PBXFileReference; fileEncoding = 4; lastKnownFileType = sourcecode.swift; path = AroundSectionView.swift; sourceTree = "<group>"; };
		FD94861B27A959EF009BE666 /* AroundRestaurantCollectionViewCell.swift */ = {isa = PBXFileReference; fileEncoding = 4; lastKnownFileType = sourcecode.swift; path = AroundRestaurantCollectionViewCell.swift; sourceTree = "<group>"; };
		FD94861C27A959EF009BE666 /* SeperatorView.swift */ = {isa = PBXFileReference; fileEncoding = 4; lastKnownFileType = sourcecode.swift; path = SeperatorView.swift; sourceTree = "<group>"; };
		FD9C6F2F27BFD035005D88A6 /* AppleSDGothicNeoM.ttf */ = {isa = PBXFileReference; lastKnownFileType = file; path = AppleSDGothicNeoM.ttf; sourceTree = "<group>"; };
		FD9C6F3027BFD035005D88A6 /* AppleSDGothicNeoB.ttf */ = {isa = PBXFileReference; lastKnownFileType = file; path = AppleSDGothicNeoB.ttf; sourceTree = "<group>"; };
		FD9C6F3127BFD035005D88A6 /* AppleSDGothicNeoH.ttf */ = {isa = PBXFileReference; lastKnownFileType = file; path = AppleSDGothicNeoH.ttf; sourceTree = "<group>"; };
		FD9C6F3227BFD035005D88A6 /* AppleSDGothicNeoL.ttf */ = {isa = PBXFileReference; lastKnownFileType = file; path = AppleSDGothicNeoL.ttf; sourceTree = "<group>"; };
		FD9C6F3327BFD035005D88A6 /* AppleSDGothicNeoEB.ttf */ = {isa = PBXFileReference; lastKnownFileType = file; path = AppleSDGothicNeoEB.ttf; sourceTree = "<group>"; };
		FD9C6F3927BFDA4F005D88A6 /* RecommendCollectionViewCell.swift */ = {isa = PBXFileReference; lastKnownFileType = sourcecode.swift; path = RecommendCollectionViewCell.swift; sourceTree = "<group>"; };
		FD9C6F4627C10140005D88A6 /* UIFont.swift */ = {isa = PBXFileReference; lastKnownFileType = sourcecode.swift; path = UIFont.swift; sourceTree = "<group>"; };
		FD9C6F4D27C10A75005D88A6 /* FilterSectionViewModel.swift */ = {isa = PBXFileReference; lastKnownFileType = sourcecode.swift; path = FilterSectionViewModel.swift; sourceTree = "<group>"; };
		FD9C6F4F27C11838005D88A6 /* FilterView.swift */ = {isa = PBXFileReference; lastKnownFileType = sourcecode.swift; path = FilterView.swift; sourceTree = "<group>"; };
		FD9D4F6F27B4EBA70005205E /* UIView.swift */ = {isa = PBXFileReference; lastKnownFileType = sourcecode.swift; path = UIView.swift; sourceTree = "<group>"; };
		FD9D4F7127B503090005205E /* TitleSectionView.swift */ = {isa = PBXFileReference; lastKnownFileType = sourcecode.swift; path = TitleSectionView.swift; sourceTree = "<group>"; };
		FDB40680283E11A8003C70A8 /* Const.swift */ = {isa = PBXFileReference; lastKnownFileType = sourcecode.swift; path = Const.swift; sourceTree = "<group>"; };
		FDB40684283E14B1003C70A8 /* KeyChainKey.swift */ = {isa = PBXFileReference; lastKnownFileType = sourcecode.swift; path = KeyChainKey.swift; sourceTree = "<group>"; };
		FDB40686283E14D5003C70A8 /* TokenUtils.swift */ = {isa = PBXFileReference; lastKnownFileType = sourcecode.swift; path = TokenUtils.swift; sourceTree = "<group>"; };
		FDB4068A283E3EB2003C70A8 /* SignIn.swift */ = {isa = PBXFileReference; lastKnownFileType = sourcecode.swift; path = SignIn.swift; sourceTree = "<group>"; };
		FDB7906C2805A704008621D1 /* RestaurantTableViewCell.swift */ = {isa = PBXFileReference; lastKnownFileType = sourcecode.swift; path = RestaurantTableViewCell.swift; sourceTree = "<group>"; };
		FDD8DDCC27A423450072034C /* HomeViewController.swift */ = {isa = PBXFileReference; lastKnownFileType = sourcecode.swift; path = HomeViewController.swift; sourceTree = "<group>"; };
		FDD8DDCF27A423740072034C /* FilterButtonView.swift */ = {isa = PBXFileReference; lastKnownFileType = sourcecode.swift; path = FilterButtonView.swift; sourceTree = "<group>"; };
		FDD8DDD227A426C40072034C /* UIColor.swift */ = {isa = PBXFileReference; lastKnownFileType = sourcecode.swift; path = UIColor.swift; sourceTree = "<group>"; };
		FDE30731284640B500EA15CF /* RestaurantListView.swift */ = {isa = PBXFileReference; lastKnownFileType = sourcecode.swift; path = RestaurantListView.swift; sourceTree = "<group>"; };
		FDE30733284640CE00EA15CF /* RestaurantListViewModel.swift */ = {isa = PBXFileReference; lastKnownFileType = sourcecode.swift; path = RestaurantListViewModel.swift; sourceTree = "<group>"; };
		FDE30735284640EA00EA15CF /* RestaurantListData.swift */ = {isa = PBXFileReference; lastKnownFileType = sourcecode.swift; path = RestaurantListData.swift; sourceTree = "<group>"; };
		FDE30737284640FF00EA15CF /* RestaurantListCell.swift */ = {isa = PBXFileReference; lastKnownFileType = sourcecode.swift; path = RestaurantListCell.swift; sourceTree = "<group>"; };
		FDE307392846411A00EA15CF /* RestaurantListNetwork.swift */ = {isa = PBXFileReference; lastKnownFileType = sourcecode.swift; path = RestaurantListNetwork.swift; sourceTree = "<group>"; };
		FDE3074628470FB300EA15CF /* ProgressCheck.swift */ = {isa = PBXFileReference; fileEncoding = 4; lastKnownFileType = sourcecode.swift; path = ProgressCheck.swift; sourceTree = "<group>"; };
		FDE3074828470FB300EA15CF /* LikeButton.swift */ = {isa = PBXFileReference; fileEncoding = 4; lastKnownFileType = sourcecode.swift; path = LikeButton.swift; sourceTree = "<group>"; };
		FDE3074928470FB300EA15CF /* BottomStickyButton.swift */ = {isa = PBXFileReference; fileEncoding = 4; lastKnownFileType = sourcecode.swift; path = BottomStickyButton.swift; sourceTree = "<group>"; };
		FDE3074D28470FE800EA15CF /* RecommendCollectionView.swift */ = {isa = PBXFileReference; lastKnownFileType = sourcecode.swift; path = RecommendCollectionView.swift; sourceTree = "<group>"; };
		FDE37EAA27D37DCB00618163 /* HomeViewModel.swift */ = {isa = PBXFileReference; lastKnownFileType = sourcecode.swift; path = HomeViewModel.swift; sourceTree = "<group>"; };
		FDE37EAC27D389C400618163 /* SearchViewController.swift */ = {isa = PBXFileReference; lastKnownFileType = sourcecode.swift; path = SearchViewController.swift; sourceTree = "<group>"; };
		FDE37EAE27D389CF00618163 /* SearchViewModel.swift */ = {isa = PBXFileReference; lastKnownFileType = sourcecode.swift; path = SearchViewModel.swift; sourceTree = "<group>"; };
		FDEA5E3727EF10BF008EFD5E /* RecommendDetailViewController.swift */ = {isa = PBXFileReference; lastKnownFileType = sourcecode.swift; path = RecommendDetailViewController.swift; sourceTree = "<group>"; };
		FDEA5E3927EF10CD008EFD5E /* AroundDetailViewController.swift */ = {isa = PBXFileReference; lastKnownFileType = sourcecode.swift; path = AroundDetailViewController.swift; sourceTree = "<group>"; };
		FDEA5E3D27F04620008EFD5E /* RecommendDetailViewModel.swift */ = {isa = PBXFileReference; lastKnownFileType = sourcecode.swift; path = RecommendDetailViewModel.swift; sourceTree = "<group>"; };
		FDEA5E4127F830F1008EFD5E /* FilterDetailViewController.swift */ = {isa = PBXFileReference; lastKnownFileType = sourcecode.swift; path = FilterDetailViewController.swift; sourceTree = "<group>"; };
		FDEA5E4327F83294008EFD5E /* FilterHeaderView.swift */ = {isa = PBXFileReference; lastKnownFileType = sourcecode.swift; path = FilterHeaderView.swift; sourceTree = "<group>"; };
		FDEA5E4627F834AA008EFD5E /* FilterViewModel.swift */ = {isa = PBXFileReference; lastKnownFileType = sourcecode.swift; path = FilterViewModel.swift; sourceTree = "<group>"; };
		FDF78A2427EB421B005D37C8 /* NoticeViewController.swift */ = {isa = PBXFileReference; lastKnownFileType = sourcecode.swift; path = NoticeViewController.swift; sourceTree = "<group>"; };
		FDF78A2627EB4284005D37C8 /* NoticeViewModel.swift */ = {isa = PBXFileReference; lastKnownFileType = sourcecode.swift; path = NoticeViewModel.swift; sourceTree = "<group>"; };
		FDF78A2827EB45AE005D37C8 /* NoticeTableViewCell.swift */ = {isa = PBXFileReference; lastKnownFileType = sourcecode.swift; path = NoticeTableViewCell.swift; sourceTree = "<group>"; };
		FDF78A2A27EB4C13005D37C8 /* NoticeHeaderView.swift */ = {isa = PBXFileReference; lastKnownFileType = sourcecode.swift; path = NoticeHeaderView.swift; sourceTree = "<group>"; };
/* End PBXFileReference section */

/* Begin PBXFrameworksBuildPhase section */
		FD63338527A0DADC004783E3 /* Frameworks */ = {
			isa = PBXFrameworksBuildPhase;
			buildActionMask = 2147483647;
			files = (
				D723B51AAD593609FDECE7FE /* Pods_EatDa.framework in Frameworks */,
			);
			runOnlyForDeploymentPostprocessing = 0;
		};
/* End PBXFrameworksBuildPhase section */

/* Begin PBXGroup section */
		1D91A6C28A2387CF445F6180 /* Pods */ = {
			isa = PBXGroup;
			children = (
				F3BE5607C6653930EC611246 /* Pods-EatDa.debug.xcconfig */,
				5492170291BB836C96181C46 /* Pods-EatDa.release.xcconfig */,
			);
			path = Pods;
			sourceTree = "<group>";
		};
		B1D9E2221746E94A5CB549A0 /* Frameworks */ = {
			isa = PBXGroup;
			children = (
				F6AB1F6EAB7375AC712E1EDD /* Pods_EatDa.framework */,
			);
			name = Frameworks;
			sourceTree = "<group>";
		};
		F0128D36281E515E005BE0B9 /* Login */ = {
			isa = PBXGroup;
			children = (
				F0CCC0F22839420C007DCBD0 /* LoginModels */,
				F0128D37281E517F005BE0B9 /* SplashViewController.swift */,
				F0128D39281E5531005BE0B9 /* LoginViewController.swift */,
				F0128D3B281E5E9B005BE0B9 /* ImageSliderCollectionViewCell.swift */,
				F0128D3D281E86DD005BE0B9 /* BottomSheetViewController.swift */,
				F0B279E5282816AA000B35FF /* TermsViewController.swift */,
				F0224C35282963560092683A /* InputSchoolViewController.swift */,
				F0CCC0E82838C9BA007DCBD0 /* SchoolSearchViewController.swift */,
				F0224C3928296F240092683A /* InputEmailViewController.swift */,
				F0224C3B28296FB90092683A /* VerifyEmailViewController.swift */,
				F0224C3D28296FEB0092683A /* EnterPasswordViewContoller.swift */,
				F0224C3F282970230092683A /* EnterUserInfoViewController.swift */,
				F0224C412829704C0092683A /* EnterNicknameViewController.swift */,
				F0224C43282970840092683A /* RegistCompleteViewController.swift */,
			);
			path = Login;
			sourceTree = "<group>";
		};
		F03D976227DD256C0011FA3D /* Cell */ = {
			isa = PBXGroup;
			children = (
				F03D976327DD258E0011FA3D /* BoardMainTVC.swift */,
				F03D976727DDC4A10011FA3D /* BestBoardTVC.swift */,
			);
			path = Cell;
			sourceTree = "<group>";
		};
		F03FB65127A6DCAE0097D817 /* Common */ = {
			isa = PBXGroup;
			children = (
				F0E4285927FC8EBD00C623E1 /* WritePost */,
				F03FB65B27A958060097D817 /* RestaurantDetail */,
			);
			path = Common;
			sourceTree = "<group>";
		};
		F03FB65427A6EB930097D817 /* Cell */ = {
			isa = PBXGroup;
			children = (
				F03FB65527A6EBB90097D817 /* RestaurantImageCVC.swift */,
				F03FB65927A93C3A0097D817 /* RestaurantDetailTVC.swift */,
				F03FB65C27A95D620097D817 /* RestauranthashTagCVC.swift */,
				F03FB65E27B025460097D817 /* RestaurantMenuTVC.swift */,
				F03FB66227B52B2E0097D817 /* RestaurantReviewTVC.swift */,
				FD6FBDBA283CF52700BD7E20 /* RestaurantMapView.swift */,
			);
			path = Cell;
			sourceTree = "<group>";
		};
		F03FB65B27A958060097D817 /* RestaurantDetail */ = {
			isa = PBXGroup;
			children = (
				F03FB65427A6EB930097D817 /* Cell */,
				F03FB65227A6DDA40097D817 /* RestaurantDetailViewController.swift */,
				FD6FBDB8283CF4A900BD7E20 /* RestaurantDetailViewModel.swift */,
			);
			path = RestaurantDetail;
			sourceTree = "<group>";
		};
		F0CCC0F1283941F1007DCBD0 /* Util */ = {
			isa = PBXGroup;
			children = (
				FDB4067F283E116E003C70A8 /* Constants */,
				F0CCC0F328394226007DCBD0 /* APIResponse.swift */,
			);
			path = Util;
			sourceTree = "<group>";
		};
		F0CCC0F22839420C007DCBD0 /* LoginModels */ = {
			isa = PBXGroup;
			children = (
				F0CCC0F92839B830007DCBD0 /* School.swift */,
				FDB4068A283E3EB2003C70A8 /* SignIn.swift */,
			);
			path = LoginModels;
			sourceTree = "<group>";
		};
		F0E4285927FC8EBD00C623E1 /* WritePost */ = {
			isa = PBXGroup;
			children = (
				F0E4285A27FC8EDC00C623E1 /* WritePostViewController.swift */,
			);
			path = WritePost;
			sourceTree = "<group>";
		};
		FD022E3A2833672200FC32E9 /* MapDetail */ = {
			isa = PBXGroup;
			children = (
				FD022E3B2833673800FC32E9 /* MapView.swift */,
				FD022E3D2833692100FC32E9 /* MapViewController.swift */,
				FD022E3F28337E4F00FC32E9 /* MapDetailView.swift */,
				FD6FBDAA28379E2500BD7E20 /* CustomAnnotation.swift */,
			);
			path = MapDetail;
			sourceTree = "<group>";
		};
		FD022E432833ADF600FC32E9 /* Entities */ = {
			isa = PBXGroup;
			children = (
				FD022E442833ADFE00FC32E9 /* MapDetailModel.swift */,
			);
			path = Entities;
			sourceTree = "<group>";
		};
		FD022E462833BB0900FC32E9 /* UIComponent */ = {
			isa = PBXGroup;
			children = (
				FDE3074728470FB300EA15CF /* Button */,
				FDE3074528470FB300EA15CF /* ProgressCheck */,
			);
			path = UIComponent;
			sourceTree = "<group>";
		};
		FD0CF62827A12B9600BDEA53 /* Scenes */ = {
			isa = PBXGroup;
			children = (
				F0128D36281E515E005BE0B9 /* Login */,
				FD1BEEFB27DDB14000487D8C /* Event */,
				F03FB65127A6DCAE0097D817 /* Common */,
				FDD8DDCB27A422C10072034C /* Home */,
				FD63EA9527CCED8400DFBD0B /* Like */,
				FD0CF62927A12BAB00BDEA53 /* Talk */,
				FD63338F27A0DADC004783E3 /* TabBarController.swift */,
			);
			path = Scenes;
			sourceTree = "<group>";
		};
		FD0CF62927A12BAB00BDEA53 /* Talk */ = {
			isa = PBXGroup;
			children = (
				F03D976227DD256C0011FA3D /* Cell */,
				FD0CF62A27A12BC400BDEA53 /* TalkViewController.swift */,
				FD0CF62C27A12BDA00BDEA53 /* ReviewFeedViewController.swift */,
				FD0CF62E27A12BF400BDEA53 /* CommunityViewController.swift */,
				F03D976527DDAC330011FA3D /* BestBoardViewController.swift */,
			);
			path = Talk;
			sourceTree = "<group>";
		};
		FD1BEEFB27DDB14000487D8C /* Event */ = {
			isa = PBXGroup;
			children = (
				FD1BEEFC27DDB18500487D8C /* EventViewController.swift */,
				FD1BEEFE27DDB26100487D8C /* SubComponents */,
			);
			path = Event;
			sourceTree = "<group>";
		};
		FD1BEEFE27DDB26100487D8C /* SubComponents */ = {
			isa = PBXGroup;
			children = (
				FD1BEEFF27DDB74000487D8C /* EventCollectionViewCell.swift */,
			);
			path = SubComponents;
			sourceTree = "<group>";
		};
		FD63337F27A0DADC004783E3 = {
			isa = PBXGroup;
			children = (
				FD63338A27A0DADC004783E3 /* EatDa */,
				FD63338927A0DADC004783E3 /* Products */,
				1D91A6C28A2387CF445F6180 /* Pods */,
				B1D9E2221746E94A5CB549A0 /* Frameworks */,
			);
			sourceTree = "<group>";
		};
		FD63338927A0DADC004783E3 /* Products */ = {
			isa = PBXGroup;
			children = (
				FD63338827A0DADC004783E3 /* EatDa.app */,
			);
			name = Products;
			sourceTree = "<group>";
		};
		FD63338A27A0DADC004783E3 /* EatDa */ = {
			isa = PBXGroup;
			children = (
				FD63338B27A0DADC004783E3 /* AppDelegate.swift */,
				FD63338D27A0DADC004783E3 /* SceneDelegate.swift */,
				FDEEA238282E207800520340 /* Global */,
				FD0CF62827A12B9600BDEA53 /* Scenes */,
				FD63339427A0DADD004783E3 /* Assets.xcassets */,
				FD63339927A0DADD004783E3 /* Info.plist */,
				F0128D3F281EDE4F005BE0B9 /* Launch Screen.storyboard */,
			);
			path = EatDa;
			sourceTree = "<group>";
		};
		FD63EA9527CCED8400DFBD0B /* Like */ = {
			isa = PBXGroup;
			children = (
				FD63EA9827CCEDD600DFBD0B /* LikeViewController.swift */,
				FD63EA9A27CCEDEB00DFBD0B /* LikeHeaderView.swift */,
				FDB7906C2805A704008621D1 /* RestaurantTableViewCell.swift */,
			);
			path = Like;
			sourceTree = "<group>";
		};
		FD9C6F2E27BFD028005D88A6 /* Font */ = {
			isa = PBXGroup;
			children = (
				FD9C6F3027BFD035005D88A6 /* AppleSDGothicNeoB.ttf */,
				FD9C6F3327BFD035005D88A6 /* AppleSDGothicNeoEB.ttf */,
				FD9C6F3127BFD035005D88A6 /* AppleSDGothicNeoH.ttf */,
				FD9C6F3227BFD035005D88A6 /* AppleSDGothicNeoL.ttf */,
				FD9C6F2F27BFD035005D88A6 /* AppleSDGothicNeoM.ttf */,
			);
			path = Font;
			sourceTree = "<group>";
		};
		FD9C6F4827C1087E005D88A6 /* FilterView */ = {
			isa = PBXGroup;
			children = (
				FDEA5E4527F833C0008EFD5E /* FilterDetail */,
				FD94861327A955F6009BE666 /* FilterSectionView.swift */,
				FD9C6F4D27C10A75005D88A6 /* FilterSectionViewModel.swift */,
				FDD8DDCF27A423740072034C /* FilterButtonView.swift */,
			);
			path = FilterView;
			sourceTree = "<group>";
		};
		FD9C6F4927C108AC005D88A6 /* RecommendView */ = {
			isa = PBXGroup;
			children = (
				FDE3072928446E1400EA15CF /* RecommendDetail */,
				FD94861527A95987009BE666 /* RecommendSectionView.swift */,
				FDE3074D28470FE800EA15CF /* RecommendCollectionView.swift */,
				FD9C6F3927BFDA4F005D88A6 /* RecommendCollectionViewCell.swift */,
			);
			path = RecommendView;
			sourceTree = "<group>";
		};
		FD9C6F4A27C108C0005D88A6 /* AroundView */ = {
			isa = PBXGroup;
			children = (
				FDE307242843433100EA15CF /* AroundDetail */,
				FD94861727A9598C009BE666 /* AroundSectionView.swift */,
				FD94861B27A959EF009BE666 /* AroundRestaurantCollectionViewCell.swift */,
			);
			path = AroundView;
			sourceTree = "<group>";
		};
		FD9C6F4B27C108EF005D88A6 /* MapView */ = {
			isa = PBXGroup;
			children = (
				FD022E3A2833672200FC32E9 /* MapDetail */,
				FD0DBC5F27B8D9770001E526 /* MapSectionView.swift */,
			);
			path = MapView;
			sourceTree = "<group>";
		};
		FD9C6F4C27C108FE005D88A6 /* TitleView */ = {
			isa = PBXGroup;
			children = (
				FD9D4F7127B503090005205E /* TitleSectionView.swift */,
			);
			path = TitleView;
			sourceTree = "<group>";
		};
		FDB4067F283E116E003C70A8 /* Constants */ = {
			isa = PBXGroup;
			children = (
				FDB40680283E11A8003C70A8 /* Const.swift */,
				FDB40686283E14D5003C70A8 /* TokenUtils.swift */,
				FDB40684283E14B1003C70A8 /* KeyChainKey.swift */,
			);
			path = Constants;
			sourceTree = "<group>";
		};
		FDD8DDCB27A422C10072034C /* Home */ = {
			isa = PBXGroup;
			children = (
				FDD8DDCC27A423450072034C /* HomeViewController.swift */,
				FDE37EAA27D37DCB00618163 /* HomeViewModel.swift */,
				FDD8DDCE27A423620072034C /* SubComponents */,
			);
			path = Home;
			sourceTree = "<group>";
		};
		FDD8DDCE27A423620072034C /* SubComponents */ = {
			isa = PBXGroup;
			children = (
				FDE37EA927D37BAA00618163 /* Search */,
				FDF78A2327EB4161005D37C8 /* Notice */,
				FD9C6F4C27C108FE005D88A6 /* TitleView */,
				FD9C6F4827C1087E005D88A6 /* FilterView */,
				FD9C6F4927C108AC005D88A6 /* RecommendView */,
				FD9C6F4A27C108C0005D88A6 /* AroundView */,
				FDE307302846407D00EA15CF /* RestaurantListView */,
				FD9C6F4B27C108EF005D88A6 /* MapView */,
				FD94861C27A959EF009BE666 /* SeperatorView.swift */,
			);
			path = SubComponents;
			sourceTree = "<group>";
		};
		FDD8DDD127A425A60072034C /* Extensions */ = {
			isa = PBXGroup;
			children = (
				FDD8DDD227A426C40072034C /* UIColor.swift */,
				FD9D4F6F27B4EBA70005205E /* UIView.swift */,
				FD9C6F4627C10140005D88A6 /* UIFont.swift */,
				F03FB66027B0333D0097D817 /* UILabel.swift */,
				F0CCC0EA2838D09E007DCBD0 /* UIButton.swift */,
			);
			path = Extensions;
			sourceTree = "<group>";
		};
		FDE307242843433100EA15CF /* AroundDetail */ = {
			isa = PBXGroup;
			children = (
				FDEA5E3927EF10CD008EFD5E /* AroundDetailViewController.swift */,
			);
			path = AroundDetail;
			sourceTree = "<group>";
		};
		FDE3072928446E1400EA15CF /* RecommendDetail */ = {
			isa = PBXGroup;
			children = (
				FDEA5E3727EF10BF008EFD5E /* RecommendDetailViewController.swift */,
				FDEA5E3D27F04620008EFD5E /* RecommendDetailViewModel.swift */,
			);
			path = RecommendDetail;
			sourceTree = "<group>";
		};
		FDE307302846407D00EA15CF /* RestaurantListView */ = {
			isa = PBXGroup;
			children = (
				FDE30731284640B500EA15CF /* RestaurantListView.swift */,
				FDE30733284640CE00EA15CF /* RestaurantListViewModel.swift */,
				FDE30735284640EA00EA15CF /* RestaurantListData.swift */,
				FDE30737284640FF00EA15CF /* RestaurantListCell.swift */,
				FDE307392846411A00EA15CF /* RestaurantListNetwork.swift */,
			);
			path = RestaurantListView;
			sourceTree = "<group>";
		};
		FDE3074528470FB300EA15CF /* ProgressCheck */ = {
			isa = PBXGroup;
			children = (
				FDE3074628470FB300EA15CF /* ProgressCheck.swift */,
			);
			path = ProgressCheck;
			sourceTree = "<group>";
		};
		FDE3074728470FB300EA15CF /* Button */ = {
			isa = PBXGroup;
			children = (
				FDE3074828470FB300EA15CF /* LikeButton.swift */,
				FDE3074928470FB300EA15CF /* BottomStickyButton.swift */,
			);
			path = Button;
			sourceTree = "<group>";
		};
		FDE37EA927D37BAA00618163 /* Search */ = {
			isa = PBXGroup;
			children = (
				FDE37EAC27D389C400618163 /* SearchViewController.swift */,
				FDE37EAE27D389CF00618163 /* SearchViewModel.swift */,
			);
			path = Search;
			sourceTree = "<group>";
		};
		FDEA5E4527F833C0008EFD5E /* FilterDetail */ = {
			isa = PBXGroup;
			children = (
				FDEA5E4327F83294008EFD5E /* FilterHeaderView.swift */,
				FDEA5E4127F830F1008EFD5E /* FilterDetailViewController.swift */,
				FD9C6F4F27C11838005D88A6 /* FilterView.swift */,
				FDEA5E4627F834AA008EFD5E /* FilterViewModel.swift */,
			);
			path = FilterDetail;
			sourceTree = "<group>";
		};
		FDEEA238282E207800520340 /* Global */ = {
			isa = PBXGroup;
			children = (
				FDEEA243282E269300520340 /* Network */,
				FDEEA239282E209E00520340 /* DesignSystem */,
				FDD8DDD127A425A60072034C /* Extensions */,
			);
			path = Global;
			sourceTree = "<group>";
		};
		FDEEA239282E209E00520340 /* DesignSystem */ = {
			isa = PBXGroup;
			children = (
				FD022E462833BB0900FC32E9 /* UIComponent */,
				FD9C6F2E27BFD028005D88A6 /* Font */,
			);
			path = DesignSystem;
			sourceTree = "<group>";
		};
		FDEEA243282E269300520340 /* Network */ = {
			isa = PBXGroup;
			children = (
				F0CCC0F1283941F1007DCBD0 /* Util */,
				FD022E432833ADF600FC32E9 /* Entities */,
			);
			path = Network;
			sourceTree = "<group>";
		};
		FDF78A2327EB4161005D37C8 /* Notice */ = {
			isa = PBXGroup;
			children = (
				FDF78A2C27EB4FAF005D37C8 /* SubComponents */,
				FDF78A2427EB421B005D37C8 /* NoticeViewController.swift */,
				FDF78A2627EB4284005D37C8 /* NoticeViewModel.swift */,
			);
			path = Notice;
			sourceTree = "<group>";
		};
		FDF78A2C27EB4FAF005D37C8 /* SubComponents */ = {
			isa = PBXGroup;
			children = (
				FDF78A2827EB45AE005D37C8 /* NoticeTableViewCell.swift */,
				FDF78A2A27EB4C13005D37C8 /* NoticeHeaderView.swift */,
			);
			path = SubComponents;
			sourceTree = "<group>";
		};
/* End PBXGroup section */

/* Begin PBXNativeTarget section */
		FD63338727A0DADC004783E3 /* EatDa */ = {
			isa = PBXNativeTarget;
			buildConfigurationList = FD63339C27A0DADD004783E3 /* Build configuration list for PBXNativeTarget "EatDa" */;
			buildPhases = (
				0A6B58DC42270191B5614EC8 /* [CP] Check Pods Manifest.lock */,
				FD63338427A0DADC004783E3 /* Sources */,
				FD63338527A0DADC004783E3 /* Frameworks */,
				FD63338627A0DADC004783E3 /* Resources */,
				F91D2131FA923EB848FE4FAD /* [CP] Embed Pods Frameworks */,
			);
			buildRules = (
			);
			dependencies = (
			);
			name = EatDa;
			productName = EatDa;
			productReference = FD63338827A0DADC004783E3 /* EatDa.app */;
			productType = "com.apple.product-type.application";
		};
/* End PBXNativeTarget section */

/* Begin PBXProject section */
		FD63338027A0DADC004783E3 /* Project object */ = {
			isa = PBXProject;
			attributes = {
				LastSwiftUpdateCheck = 1250;
				LastUpgradeCheck = 1250;
				TargetAttributes = {
					FD63338727A0DADC004783E3 = {
						CreatedOnToolsVersion = 12.5;
					};
				};
			};
			buildConfigurationList = FD63338327A0DADC004783E3 /* Build configuration list for PBXProject "EatDa" */;
			compatibilityVersion = "Xcode 9.3";
			developmentRegion = en;
			hasScannedForEncodings = 0;
			knownRegions = (
				en,
				Base,
			);
			mainGroup = FD63337F27A0DADC004783E3;
			productRefGroup = FD63338927A0DADC004783E3 /* Products */;
			projectDirPath = "";
			projectRoot = "";
			targets = (
				FD63338727A0DADC004783E3 /* EatDa */,
			);
		};
/* End PBXProject section */

/* Begin PBXResourcesBuildPhase section */
		FD63338627A0DADC004783E3 /* Resources */ = {
			isa = PBXResourcesBuildPhase;
			buildActionMask = 2147483647;
			files = (
				FD9C6F3427BFD04A005D88A6 /* AppleSDGothicNeoB.ttf in Resources */,
				FD9C6F3727BFD051005D88A6 /* AppleSDGothicNeoL.ttf in Resources */,
				FD9C6F3527BFD04C005D88A6 /* AppleSDGothicNeoEB.ttf in Resources */,
				FD9C6F3627BFD04E005D88A6 /* AppleSDGothicNeoH.ttf in Resources */,
				FD63339527A0DADD004783E3 /* Assets.xcassets in Resources */,
				FD9C6F3827BFD053005D88A6 /* AppleSDGothicNeoM.ttf in Resources */,
				F0128D40281EDE4F005BE0B9 /* Launch Screen.storyboard in Resources */,
			);
			runOnlyForDeploymentPostprocessing = 0;
		};
/* End PBXResourcesBuildPhase section */

/* Begin PBXShellScriptBuildPhase section */
		0A6B58DC42270191B5614EC8 /* [CP] Check Pods Manifest.lock */ = {
			isa = PBXShellScriptBuildPhase;
			buildActionMask = 2147483647;
			files = (
			);
			inputFileListPaths = (
			);
			inputPaths = (
				"${PODS_PODFILE_DIR_PATH}/Podfile.lock",
				"${PODS_ROOT}/Manifest.lock",
			);
			name = "[CP] Check Pods Manifest.lock";
			outputFileListPaths = (
			);
			outputPaths = (
				"$(DERIVED_FILE_DIR)/Pods-EatDa-checkManifestLockResult.txt",
			);
			runOnlyForDeploymentPostprocessing = 0;
			shellPath = /bin/sh;
			shellScript = "diff \"${PODS_PODFILE_DIR_PATH}/Podfile.lock\" \"${PODS_ROOT}/Manifest.lock\" > /dev/null\nif [ $? != 0 ] ; then\n    # print error to STDERR\n    echo \"error: The sandbox is not in sync with the Podfile.lock. Run 'pod install' or update your CocoaPods installation.\" >&2\n    exit 1\nfi\n# This output is used by Xcode 'outputs' to avoid re-running this script phase.\necho \"SUCCESS\" > \"${SCRIPT_OUTPUT_FILE_0}\"\n";
			showEnvVarsInLog = 0;
		};
		F91D2131FA923EB848FE4FAD /* [CP] Embed Pods Frameworks */ = {
			isa = PBXShellScriptBuildPhase;
			buildActionMask = 2147483647;
			files = (
			);
			inputFileListPaths = (
				"${PODS_ROOT}/Target Support Files/Pods-EatDa/Pods-EatDa-frameworks-${CONFIGURATION}-input-files.xcfilelist",
			);
			name = "[CP] Embed Pods Frameworks";
			outputFileListPaths = (
				"${PODS_ROOT}/Target Support Files/Pods-EatDa/Pods-EatDa-frameworks-${CONFIGURATION}-output-files.xcfilelist",
			);
			runOnlyForDeploymentPostprocessing = 0;
			shellPath = /bin/sh;
			shellScript = "\"${PODS_ROOT}/Target Support Files/Pods-EatDa/Pods-EatDa-frameworks.sh\"\n";
			showEnvVarsInLog = 0;
		};
/* End PBXShellScriptBuildPhase section */

/* Begin PBXSourcesBuildPhase section */
		FD63338427A0DADC004783E3 /* Sources */ = {
			isa = PBXSourcesBuildPhase;
			buildActionMask = 2147483647;
			files = (
				FDB7906E2805A783008621D1 /* ReviewFeedViewController.swift in Sources */,
				F0224C36282963560092683A /* InputSchoolViewController.swift in Sources */,
				F0CCC0FA2839B830007DCBD0 /* School.swift in Sources */,
				FDB7906D2805A704008621D1 /* RestaurantTableViewCell.swift in Sources */,
				F0CCC0EB2838D09E007DCBD0 /* UIButton.swift in Sources */,
				FD63339027A0DADC004783E3 /* TabBarController.swift in Sources */,
				F0CCC0F428394226007DCBD0 /* APIResponse.swift in Sources */,
				F0224C3C28296FB90092683A /* VerifyEmailViewController.swift in Sources */,
				F0128D38281E517F005BE0B9 /* SplashViewController.swift in Sources */,
				FDB40685283E14B1003C70A8 /* KeyChainKey.swift in Sources */,
				FDE37EAB27D37DCB00618163 /* HomeViewModel.swift in Sources */,
				FDEA5E4727F834AA008EFD5E /* FilterViewModel.swift in Sources */,
				FD6FBDB9283CF4A900BD7E20 /* RestaurantDetailViewModel.swift in Sources */,
				F03FB65F27B025460097D817 /* RestaurantMenuTVC.swift in Sources */,
				FDE30732284640B500EA15CF /* RestaurantListView.swift in Sources */,
				FDF78A2727EB4284005D37C8 /* NoticeViewModel.swift in Sources */,
				FD63338C27A0DADC004783E3 /* AppDelegate.swift in Sources */,
				F0224C3A28296F240092683A /* InputEmailViewController.swift in Sources */,
				FDEA5E4227F830F1008EFD5E /* FilterDetailViewController.swift in Sources */,
				FDE3074A28470FB300EA15CF /* ProgressCheck.swift in Sources */,
				FD1BEEFD27DDB18500487D8C /* EventViewController.swift in Sources */,
				FDE3074C28470FB300EA15CF /* BottomStickyButton.swift in Sources */,
				FD1BEF0027DDB74000487D8C /* EventCollectionViewCell.swift in Sources */,
				FDEA5E3A27EF10CD008EFD5E /* AroundDetailViewController.swift in Sources */,
				FDEA5E4427F83294008EFD5E /* FilterHeaderView.swift in Sources */,
				FD94861E27A959EF009BE666 /* SeperatorView.swift in Sources */,
				FD9D4F7227B503090005205E /* TitleSectionView.swift in Sources */,
				F03FB65627A6EBB90097D817 /* RestaurantImageCVC.swift in Sources */,
				FD022E4028337E4F00FC32E9 /* MapDetailView.swift in Sources */,
				FDE30738284640FF00EA15CF /* RestaurantListCell.swift in Sources */,
				F03FB65327A6DDA40097D817 /* RestaurantDetailViewController.swift in Sources */,
				F0128D3C281E5E9B005BE0B9 /* ImageSliderCollectionViewCell.swift in Sources */,
				F0128D3E281E86DD005BE0B9 /* BottomSheetViewController.swift in Sources */,
				FD0CF62F27A12BF400BDEA53 /* CommunityViewController.swift in Sources */,
				F03FB66127B0333D0097D817 /* UILabel.swift in Sources */,
				FD022E3E2833692100FC32E9 /* MapViewController.swift in Sources */,
				FD0CF62B27A12BC400BDEA53 /* TalkViewController.swift in Sources */,
				FD94861D27A959EF009BE666 /* AroundRestaurantCollectionViewCell.swift in Sources */,
				FDEA5E3E27F04620008EFD5E /* RecommendDetailViewModel.swift in Sources */,
				FDE3073A2846411A00EA15CF /* RestaurantListNetwork.swift in Sources */,
				FDB40687283E14D5003C70A8 /* TokenUtils.swift in Sources */,
				FDE30734284640CE00EA15CF /* RestaurantListViewModel.swift in Sources */,
				FD9C6F5027C11838005D88A6 /* FilterView.swift in Sources */,
				F0224C44282970840092683A /* RegistCompleteViewController.swift in Sources */,
				F0128D3A281E5531005BE0B9 /* LoginViewController.swift in Sources */,
				FD63EA9B27CCEDEB00DFBD0B /* LikeHeaderView.swift in Sources */,
				FDE37EAD27D389C400618163 /* SearchViewController.swift in Sources */,
				FD94861427A955F6009BE666 /* FilterSectionView.swift in Sources */,
				F0224C422829704C0092683A /* EnterNicknameViewController.swift in Sources */,
				FDF78A2527EB421B005D37C8 /* NoticeViewController.swift in Sources */,
				F03D976827DDC4A10011FA3D /* BestBoardTVC.swift in Sources */,
				FDB4068B283E3EB2003C70A8 /* SignIn.swift in Sources */,
				FDE30736284640EA00EA15CF /* RestaurantListData.swift in Sources */,
				FDE3074E28470FE800EA15CF /* RecommendCollectionView.swift in Sources */,
				FDD8DDD327A426C40072034C /* UIColor.swift in Sources */,
				FD0DBC6027B8D9770001E526 /* MapSectionView.swift in Sources */,
				F0CCC0E92838C9BA007DCBD0 /* SchoolSearchViewController.swift in Sources */,
				FDEA5E3827EF10BF008EFD5E /* RecommendDetailViewController.swift in Sources */,
				F0224C3E28296FEB0092683A /* EnterPasswordViewContoller.swift in Sources */,
				FD9C6F4727C10140005D88A6 /* UIFont.swift in Sources */,
				F03D976427DD258E0011FA3D /* BoardMainTVC.swift in Sources */,
				FD022E452833ADFE00FC32E9 /* MapDetailModel.swift in Sources */,
				FDD8DDD027A423740072034C /* FilterButtonView.swift in Sources */,
				FD94861827A9598C009BE666 /* AroundSectionView.swift in Sources */,
				FD9D4F7027B4EBA70005205E /* UIView.swift in Sources */,
				FD6FBDAB28379E2500BD7E20 /* CustomAnnotation.swift in Sources */,
				FD94861627A95987009BE666 /* RecommendSectionView.swift in Sources */,
				FD9C6F4E27C10A75005D88A6 /* FilterSectionViewModel.swift in Sources */,
				FDD8DDCD27A423450072034C /* HomeViewController.swift in Sources */,
				F0E4285B27FC8EDC00C623E1 /* WritePostViewController.swift in Sources */,
				F0B279E6282816AA000B35FF /* TermsViewController.swift in Sources */,
				FDE37EAF27D389CF00618163 /* SearchViewModel.swift in Sources */,
				FD6FBDBB283CF52700BD7E20 /* RestaurantMapView.swift in Sources */,
				FD63338E27A0DADC004783E3 /* SceneDelegate.swift in Sources */,
				F0224C40282970230092683A /* EnterUserInfoViewController.swift in Sources */,
				F03D976627DDAC330011FA3D /* BestBoardViewController.swift in Sources */,
				FD022E3C2833673800FC32E9 /* MapView.swift in Sources */,
				FD9C6F3A27BFDA4F005D88A6 /* RecommendCollectionViewCell.swift in Sources */,
				FDE3074B28470FB300EA15CF /* LikeButton.swift in Sources */,
				F03FB66327B52B2E0097D817 /* RestaurantReviewTVC.swift in Sources */,
				F03FB65D27A95D620097D817 /* RestauranthashTagCVC.swift in Sources */,
				F03FB65A27A93C3A0097D817 /* RestaurantDetailTVC.swift in Sources */,
				FDF78A2927EB45AE005D37C8 /* NoticeTableViewCell.swift in Sources */,
				FD63EA9927CCEDD600DFBD0B /* LikeViewController.swift in Sources */,
				FDF78A2B27EB4C13005D37C8 /* NoticeHeaderView.swift in Sources */,
				FDB40681283E11A8003C70A8 /* Const.swift in Sources */,
			);
			runOnlyForDeploymentPostprocessing = 0;
		};
/* End PBXSourcesBuildPhase section */

/* Begin XCBuildConfiguration section */
		FD63339A27A0DADD004783E3 /* Debug */ = {
			isa = XCBuildConfiguration;
			buildSettings = {
				ALWAYS_SEARCH_USER_PATHS = NO;
				CLANG_ANALYZER_NONNULL = YES;
				CLANG_ANALYZER_NUMBER_OBJECT_CONVERSION = YES_AGGRESSIVE;
				CLANG_CXX_LANGUAGE_STANDARD = "gnu++14";
				CLANG_CXX_LIBRARY = "libc++";
				CLANG_ENABLE_MODULES = YES;
				CLANG_ENABLE_OBJC_ARC = YES;
				CLANG_ENABLE_OBJC_WEAK = YES;
				CLANG_WARN_BLOCK_CAPTURE_AUTORELEASING = YES;
				CLANG_WARN_BOOL_CONVERSION = YES;
				CLANG_WARN_COMMA = YES;
				CLANG_WARN_CONSTANT_CONVERSION = YES;
				CLANG_WARN_DEPRECATED_OBJC_IMPLEMENTATIONS = YES;
				CLANG_WARN_DIRECT_OBJC_ISA_USAGE = YES_ERROR;
				CLANG_WARN_DOCUMENTATION_COMMENTS = YES;
				CLANG_WARN_EMPTY_BODY = YES;
				CLANG_WARN_ENUM_CONVERSION = YES;
				CLANG_WARN_INFINITE_RECURSION = YES;
				CLANG_WARN_INT_CONVERSION = YES;
				CLANG_WARN_NON_LITERAL_NULL_CONVERSION = YES;
				CLANG_WARN_OBJC_IMPLICIT_RETAIN_SELF = YES;
				CLANG_WARN_OBJC_LITERAL_CONVERSION = YES;
				CLANG_WARN_OBJC_ROOT_CLASS = YES_ERROR;
				CLANG_WARN_QUOTED_INCLUDE_IN_FRAMEWORK_HEADER = YES;
				CLANG_WARN_RANGE_LOOP_ANALYSIS = YES;
				CLANG_WARN_STRICT_PROTOTYPES = YES;
				CLANG_WARN_SUSPICIOUS_MOVE = YES;
				CLANG_WARN_UNGUARDED_AVAILABILITY = YES_AGGRESSIVE;
				CLANG_WARN_UNREACHABLE_CODE = YES;
				CLANG_WARN__DUPLICATE_METHOD_MATCH = YES;
				COPY_PHASE_STRIP = NO;
				DEBUG_INFORMATION_FORMAT = dwarf;
				ENABLE_STRICT_OBJC_MSGSEND = YES;
				ENABLE_TESTABILITY = YES;
				GCC_C_LANGUAGE_STANDARD = gnu11;
				GCC_DYNAMIC_NO_PIC = NO;
				GCC_NO_COMMON_BLOCKS = YES;
				GCC_OPTIMIZATION_LEVEL = 0;
				GCC_PREPROCESSOR_DEFINITIONS = (
					"DEBUG=1",
					"$(inherited)",
				);
				GCC_WARN_64_TO_32_BIT_CONVERSION = YES;
				GCC_WARN_ABOUT_RETURN_TYPE = YES_ERROR;
				GCC_WARN_UNDECLARED_SELECTOR = YES;
				GCC_WARN_UNINITIALIZED_AUTOS = YES_AGGRESSIVE;
				GCC_WARN_UNUSED_FUNCTION = YES;
				GCC_WARN_UNUSED_VARIABLE = YES;
				IPHONEOS_DEPLOYMENT_TARGET = 14.5;
				MTL_ENABLE_DEBUG_INFO = INCLUDE_SOURCE;
				MTL_FAST_MATH = YES;
				ONLY_ACTIVE_ARCH = YES;
				SDKROOT = iphoneos;
				SWIFT_ACTIVE_COMPILATION_CONDITIONS = DEBUG;
				SWIFT_OPTIMIZATION_LEVEL = "-Onone";
			};
			name = Debug;
		};
		FD63339B27A0DADD004783E3 /* Release */ = {
			isa = XCBuildConfiguration;
			buildSettings = {
				ALWAYS_SEARCH_USER_PATHS = NO;
				CLANG_ANALYZER_NONNULL = YES;
				CLANG_ANALYZER_NUMBER_OBJECT_CONVERSION = YES_AGGRESSIVE;
				CLANG_CXX_LANGUAGE_STANDARD = "gnu++14";
				CLANG_CXX_LIBRARY = "libc++";
				CLANG_ENABLE_MODULES = YES;
				CLANG_ENABLE_OBJC_ARC = YES;
				CLANG_ENABLE_OBJC_WEAK = YES;
				CLANG_WARN_BLOCK_CAPTURE_AUTORELEASING = YES;
				CLANG_WARN_BOOL_CONVERSION = YES;
				CLANG_WARN_COMMA = YES;
				CLANG_WARN_CONSTANT_CONVERSION = YES;
				CLANG_WARN_DEPRECATED_OBJC_IMPLEMENTATIONS = YES;
				CLANG_WARN_DIRECT_OBJC_ISA_USAGE = YES_ERROR;
				CLANG_WARN_DOCUMENTATION_COMMENTS = YES;
				CLANG_WARN_EMPTY_BODY = YES;
				CLANG_WARN_ENUM_CONVERSION = YES;
				CLANG_WARN_INFINITE_RECURSION = YES;
				CLANG_WARN_INT_CONVERSION = YES;
				CLANG_WARN_NON_LITERAL_NULL_CONVERSION = YES;
				CLANG_WARN_OBJC_IMPLICIT_RETAIN_SELF = YES;
				CLANG_WARN_OBJC_LITERAL_CONVERSION = YES;
				CLANG_WARN_OBJC_ROOT_CLASS = YES_ERROR;
				CLANG_WARN_QUOTED_INCLUDE_IN_FRAMEWORK_HEADER = YES;
				CLANG_WARN_RANGE_LOOP_ANALYSIS = YES;
				CLANG_WARN_STRICT_PROTOTYPES = YES;
				CLANG_WARN_SUSPICIOUS_MOVE = YES;
				CLANG_WARN_UNGUARDED_AVAILABILITY = YES_AGGRESSIVE;
				CLANG_WARN_UNREACHABLE_CODE = YES;
				CLANG_WARN__DUPLICATE_METHOD_MATCH = YES;
				COPY_PHASE_STRIP = NO;
				DEBUG_INFORMATION_FORMAT = "dwarf-with-dsym";
				ENABLE_NS_ASSERTIONS = NO;
				ENABLE_STRICT_OBJC_MSGSEND = YES;
				GCC_C_LANGUAGE_STANDARD = gnu11;
				GCC_NO_COMMON_BLOCKS = YES;
				GCC_WARN_64_TO_32_BIT_CONVERSION = YES;
				GCC_WARN_ABOUT_RETURN_TYPE = YES_ERROR;
				GCC_WARN_UNDECLARED_SELECTOR = YES;
				GCC_WARN_UNINITIALIZED_AUTOS = YES_AGGRESSIVE;
				GCC_WARN_UNUSED_FUNCTION = YES;
				GCC_WARN_UNUSED_VARIABLE = YES;
				IPHONEOS_DEPLOYMENT_TARGET = 14.5;
				MTL_ENABLE_DEBUG_INFO = NO;
				MTL_FAST_MATH = YES;
				SDKROOT = iphoneos;
				SWIFT_COMPILATION_MODE = wholemodule;
				SWIFT_OPTIMIZATION_LEVEL = "-O";
				VALIDATE_PRODUCT = YES;
			};
			name = Release;
		};
		FD63339D27A0DADD004783E3 /* Debug */ = {
			isa = XCBuildConfiguration;
			baseConfigurationReference = F3BE5607C6653930EC611246 /* Pods-EatDa.debug.xcconfig */;
			buildSettings = {
				ASSETCATALOG_COMPILER_APPICON_NAME = AppIcon;
				ASSETCATALOG_COMPILER_GLOBAL_ACCENT_COLOR_NAME = AccentColor;
				CODE_SIGN_STYLE = Automatic;
				DEVELOPMENT_TEAM = SQ5T25W9V5;
				INFOPLIST_FILE = EatDa/Info.plist;
				LD_RUNPATH_SEARCH_PATHS = (
					"$(inherited)",
					"@executable_path/Frameworks",
				);
				PRODUCT_BUNDLE_IDENTIFIER = com.foorun.uniEat;
				PRODUCT_NAME = "$(TARGET_NAME)";
				SWIFT_VERSION = 5.0;
				TARGETED_DEVICE_FAMILY = "1,2";
			};
			name = Debug;
		};
		FD63339E27A0DADD004783E3 /* Release */ = {
			isa = XCBuildConfiguration;
			baseConfigurationReference = 5492170291BB836C96181C46 /* Pods-EatDa.release.xcconfig */;
			buildSettings = {
				ASSETCATALOG_COMPILER_APPICON_NAME = AppIcon;
				ASSETCATALOG_COMPILER_GLOBAL_ACCENT_COLOR_NAME = AccentColor;
				CODE_SIGN_STYLE = Automatic;
				DEVELOPMENT_TEAM = SQ5T25W9V5;
				INFOPLIST_FILE = EatDa/Info.plist;
				LD_RUNPATH_SEARCH_PATHS = (
					"$(inherited)",
					"@executable_path/Frameworks",
				);
				PRODUCT_BUNDLE_IDENTIFIER = com.foorun.uniEat;
				PRODUCT_NAME = "$(TARGET_NAME)";
				SWIFT_VERSION = 5.0;
				TARGETED_DEVICE_FAMILY = "1,2";
			};
			name = Release;
		};
/* End XCBuildConfiguration section */

/* Begin XCConfigurationList section */
		FD63338327A0DADC004783E3 /* Build configuration list for PBXProject "EatDa" */ = {
			isa = XCConfigurationList;
			buildConfigurations = (
				FD63339A27A0DADD004783E3 /* Debug */,
				FD63339B27A0DADD004783E3 /* Release */,
			);
			defaultConfigurationIsVisible = 0;
			defaultConfigurationName = Release;
		};
		FD63339C27A0DADD004783E3 /* Build configuration list for PBXNativeTarget "EatDa" */ = {
			isa = XCConfigurationList;
			buildConfigurations = (
				FD63339D27A0DADD004783E3 /* Debug */,
				FD63339E27A0DADD004783E3 /* Release */,
			);
			defaultConfigurationIsVisible = 0;
			defaultConfigurationName = Release;
		};
/* End XCConfigurationList section */
	};
	rootObject = FD63338027A0DADC004783E3 /* Project object */;
}
